
Microsoft Visual Studio Solution File, Format Version 12.00
# Visual Studio Version 16
VisualStudioVersion = 16.0.29215.179
MinimumVisualStudioVersion = 10.0.40219.1
Project("{FAE04EC0-301F-11D3-BF4B-00C04F79EFBC}") = "ListagemDeCarros", "ListagemDeCarros\ListagemDeCarros.csproj", "{CDA96096-24A9-4074-9CC5-D1341C4243EC}"
EndProject
Global
	GlobalSection(SolutionConfigurationPlatforms) = preSolution
		Debug|Any CPU = Debug|Any CPU
		Release|Any CPU = Release|Any CPU
	EndGlobalSection
	GlobalSection(ProjectConfigurationPlatforms) = postSolution
		{CDA96096-24A9-4074-9CC5-D1341C4243EC}.Debug|Any CPU.ActiveCfg = Debug|Any CPU
		{CDA96096-24A9-4074-9CC5-D1341C4243EC}.Debug|Any CPU.Build.0 = Debug|Any CPU
		{CDA96096-24A9-4074-9CC5-D1341C4243EC}.Release|Any CPU.ActiveCfg = Release|Any CPU
		{CDA96096-24A9-4074-9CC5-D1341C4243EC}.Release|Any CPU.Build.0 = Release|Any CPU
	EndGlobalSection
	GlobalSection(SolutionProperties) = preSolution
		HideSolutionNode = FALSE
	EndGlobalSection
	GlobalSection(ExtensibilityGlobals) = postSolution
		SolutionGuid = {9751FFC1-2745-4F49-891A-558D3FE515CA}
	EndGlobalSection
EndGlobal
