
Microsoft Visual Studio Solution File, Format Version 12.00
# Visual Studio Version 16
VisualStudioVersion = 16.0.29215.179
MinimumVisualStudioVersion = 10.0.40219.1
Project("{FAE04EC0-301F-11D3-BF4B-00C04F79EFBC}") = "FuncoesLinq", "FuncoesLinq\FuncoesLinq.csproj", "{FE9446AB-22B3-45A4-8531-CAE5BFB44188}"
EndProject
Project("{FAE04EC0-301F-11D3-BF4B-00C04F79EFBC}") = "SunLinq", "SunLinq\SunLinq.csproj", "{4CCA1BC1-5E67-4691-BEB4-4CCE53F08D34}"
EndProject
Project("{FAE04EC0-301F-11D3-BF4B-00C04F79EFBC}") = "AvaregeLinq", "AvaregeLinq\AvaregeLinq.csproj", "{0B343DAF-F9C7-4F04-A7D5-5A4DA6884C3B}"
EndProject
Project("{FAE04EC0-301F-11D3-BF4B-00C04F79EFBC}") = "AverageLinq", "AverageLinq\AverageLinq.csproj", "{1109FBF8-5771-4AAA-934A-4A929A97B78D}"
EndProject
Project("{FAE04EC0-301F-11D3-BF4B-00C04F79EFBC}") = "exerciciosInformacoaGeradasPeloProfessor", "exerciciosInformacoaGeradasPeloProfessor\exerciciosInformacoaGeradasPeloProfessor.csproj", "{9D8EF2AB-904E-4F2B-B2E5-024BBDA72B20}"
EndProject
Global
	GlobalSection(SolutionConfigurationPlatforms) = preSolution
		Debug|Any CPU = Debug|Any CPU
		Release|Any CPU = Release|Any CPU
	EndGlobalSection
	GlobalSection(ProjectConfigurationPlatforms) = postSolution
		{FE9446AB-22B3-45A4-8531-CAE5BFB44188}.Debug|Any CPU.ActiveCfg = Debug|Any CPU
		{FE9446AB-22B3-45A4-8531-CAE5BFB44188}.Debug|Any CPU.Build.0 = Debug|Any CPU
		{FE9446AB-22B3-45A4-8531-CAE5BFB44188}.Release|Any CPU.ActiveCfg = Release|Any CPU
		{FE9446AB-22B3-45A4-8531-CAE5BFB44188}.Release|Any CPU.Build.0 = Release|Any CPU
		{4CCA1BC1-5E67-4691-BEB4-4CCE53F08D34}.Debug|Any CPU.ActiveCfg = Debug|Any CPU
		{4CCA1BC1-5E67-4691-BEB4-4CCE53F08D34}.Debug|Any CPU.Build.0 = Debug|Any CPU
		{4CCA1BC1-5E67-4691-BEB4-4CCE53F08D34}.Release|Any CPU.ActiveCfg = Release|Any CPU
		{4CCA1BC1-5E67-4691-BEB4-4CCE53F08D34}.Release|Any CPU.Build.0 = Release|Any CPU
		{0B343DAF-F9C7-4F04-A7D5-5A4DA6884C3B}.Debug|Any CPU.ActiveCfg = Debug|Any CPU
		{0B343DAF-F9C7-4F04-A7D5-5A4DA6884C3B}.Debug|Any CPU.Build.0 = Debug|Any CPU
		{0B343DAF-F9C7-4F04-A7D5-5A4DA6884C3B}.Release|Any CPU.ActiveCfg = Release|Any CPU
		{0B343DAF-F9C7-4F04-A7D5-5A4DA6884C3B}.Release|Any CPU.Build.0 = Release|Any CPU
		{1109FBF8-5771-4AAA-934A-4A929A97B78D}.Debug|Any CPU.ActiveCfg = Debug|Any CPU
		{1109FBF8-5771-4AAA-934A-4A929A97B78D}.Debug|Any CPU.Build.0 = Debug|Any CPU
		{1109FBF8-5771-4AAA-934A-4A929A97B78D}.Release|Any CPU.ActiveCfg = Release|Any CPU
		{1109FBF8-5771-4AAA-934A-4A929A97B78D}.Release|Any CPU.Build.0 = Release|Any CPU
		{9D8EF2AB-904E-4F2B-B2E5-024BBDA72B20}.Debug|Any CPU.ActiveCfg = Debug|Any CPU
		{9D8EF2AB-904E-4F2B-B2E5-024BBDA72B20}.Debug|Any CPU.Build.0 = Debug|Any CPU
		{9D8EF2AB-904E-4F2B-B2E5-024BBDA72B20}.Release|Any CPU.ActiveCfg = Release|Any CPU
		{9D8EF2AB-904E-4F2B-B2E5-024BBDA72B20}.Release|Any CPU.Build.0 = Release|Any CPU
	EndGlobalSection
	GlobalSection(SolutionProperties) = preSolution
		HideSolutionNode = FALSE
	EndGlobalSection
	GlobalSection(ExtensibilityGlobals) = postSolution
		SolutionGuid = {B083B459-ACF3-4AB5-87E5-24DDB6961A18}
	EndGlobalSection
EndGlobal
