
Microsoft Visual Studio Solution File, Format Version 12.00
# Visual Studio Version 16
VisualStudioVersion = 16.0.29215.179
MinimumVisualStudioVersion = 10.0.40219.1
Project("{FAE04EC0-301F-11D3-BF4B-00C04F79EFBC}") = "InterfaceListagem", "InterfaceListagem\InterfaceListagem.csproj", "{3483A4A0-55CD-48C2-9219-CA6207F10634}"
EndProject
Global
	GlobalSection(SolutionConfigurationPlatforms) = preSolution
		Debug|Any CPU = Debug|Any CPU
		Release|Any CPU = Release|Any CPU
	EndGlobalSection
	GlobalSection(ProjectConfigurationPlatforms) = postSolution
		{3483A4A0-55CD-48C2-9219-CA6207F10634}.Debug|Any CPU.ActiveCfg = Debug|Any CPU
		{3483A4A0-55CD-48C2-9219-CA6207F10634}.Debug|Any CPU.Build.0 = Debug|Any CPU
		{3483A4A0-55CD-48C2-9219-CA6207F10634}.Release|Any CPU.ActiveCfg = Release|Any CPU
		{3483A4A0-55CD-48C2-9219-CA6207F10634}.Release|Any CPU.Build.0 = Release|Any CPU
	EndGlobalSection
	GlobalSection(SolutionProperties) = preSolution
		HideSolutionNode = FALSE
	EndGlobalSection
	GlobalSection(ExtensibilityGlobals) = postSolution
		SolutionGuid = {BE34F008-4EFD-467C-A699-D9562B0CA458}
	EndGlobalSection
EndGlobal
