
Microsoft Visual Studio Solution File, Format Version 12.00
# Visual Studio Version 16
VisualStudioVersion = 16.0.29215.179
MinimumVisualStudioVersion = 10.0.40219.1
Project("{FAE04EC0-301F-11D3-BF4B-00C04F79EFBC}") = "IniciandoForeach", "IniciandoForeach\IniciandoForeach.csproj", "{96F36201-4A3D-4EE1-87E4-2610299AFC80}"
EndProject
Project("{FAE04EC0-301F-11D3-BF4B-00C04F79EFBC}") = "AprendendoOList", "AprendendoOList\AprendendoOList.csproj", "{BEBAE73D-F146-41BF-B816-8DC5D01FA17C}"
EndProject
Global
	GlobalSection(SolutionConfigurationPlatforms) = preSolution
		Debug|Any CPU = Debug|Any CPU
		Release|Any CPU = Release|Any CPU
	EndGlobalSection
	GlobalSection(ProjectConfigurationPlatforms) = postSolution
		{96F36201-4A3D-4EE1-87E4-2610299AFC80}.Debug|Any CPU.ActiveCfg = Debug|Any CPU
		{96F36201-4A3D-4EE1-87E4-2610299AFC80}.Debug|Any CPU.Build.0 = Debug|Any CPU
		{96F36201-4A3D-4EE1-87E4-2610299AFC80}.Release|Any CPU.ActiveCfg = Release|Any CPU
		{96F36201-4A3D-4EE1-87E4-2610299AFC80}.Release|Any CPU.Build.0 = Release|Any CPU
		{BEBAE73D-F146-41BF-B816-8DC5D01FA17C}.Debug|Any CPU.ActiveCfg = Debug|Any CPU
		{BEBAE73D-F146-41BF-B816-8DC5D01FA17C}.Debug|Any CPU.Build.0 = Debug|Any CPU
		{BEBAE73D-F146-41BF-B816-8DC5D01FA17C}.Release|Any CPU.ActiveCfg = Release|Any CPU
		{BEBAE73D-F146-41BF-B816-8DC5D01FA17C}.Release|Any CPU.Build.0 = Release|Any CPU
	EndGlobalSection
	GlobalSection(SolutionProperties) = preSolution
		HideSolutionNode = FALSE
	EndGlobalSection
	GlobalSection(ExtensibilityGlobals) = postSolution
		SolutionGuid = {7DE0EC37-6182-4A75-86DB-1EC25675D016}
	EndGlobalSection
EndGlobal
