
Microsoft Visual Studio Solution File, Format Version 12.00
# Visual Studio Version 16
VisualStudioVersion = 16.0.29123.88
MinimumVisualStudioVersion = 10.0.40219.1
Project("{FAE04EC0-301F-11D3-BF4B-00C04F79EFBC}") = "CadastroDeBicicleta", "CadastroDeBicicleta\CadastroDeBicicleta.csproj", "{8A406A5E-DB6C-43EE-9A3A-943ED13BA07B}"
EndProject
Project("{FAE04EC0-301F-11D3-BF4B-00C04F79EFBC}") = "ApresentaBicicleta", "ApresentaBicicleta\ApresentaBicicleta.csproj", "{A2EB81BF-0488-49BC-BC9D-1481A4CC0777}"
EndProject
Global
	GlobalSection(SolutionConfigurationPlatforms) = preSolution
		Debug|Any CPU = Debug|Any CPU
		Release|Any CPU = Release|Any CPU
	EndGlobalSection
	GlobalSection(ProjectConfigurationPlatforms) = postSolution
		{8A406A5E-DB6C-43EE-9A3A-943ED13BA07B}.Debug|Any CPU.ActiveCfg = Debug|Any CPU
		{8A406A5E-DB6C-43EE-9A3A-943ED13BA07B}.Debug|Any CPU.Build.0 = Debug|Any CPU
		{8A406A5E-DB6C-43EE-9A3A-943ED13BA07B}.Release|Any CPU.ActiveCfg = Release|Any CPU
		{8A406A5E-DB6C-43EE-9A3A-943ED13BA07B}.Release|Any CPU.Build.0 = Release|Any CPU
		{A2EB81BF-0488-49BC-BC9D-1481A4CC0777}.Debug|Any CPU.ActiveCfg = Debug|Any CPU
		{A2EB81BF-0488-49BC-BC9D-1481A4CC0777}.Debug|Any CPU.Build.0 = Debug|Any CPU
		{A2EB81BF-0488-49BC-BC9D-1481A4CC0777}.Release|Any CPU.ActiveCfg = Release|Any CPU
		{A2EB81BF-0488-49BC-BC9D-1481A4CC0777}.Release|Any CPU.Build.0 = Release|Any CPU
	EndGlobalSection
	GlobalSection(SolutionProperties) = preSolution
		HideSolutionNode = FALSE
	EndGlobalSection
	GlobalSection(ExtensibilityGlobals) = postSolution
		SolutionGuid = {B059EF99-2F41-48D2-A657-5EDAE5D36614}
	EndGlobalSection
EndGlobal
