
Microsoft Visual Studio Solution File, Format Version 12.00
# Visual Studio Version 16
VisualStudioVersion = 16.0.29123.88
MinimumVisualStudioVersion = 10.0.40219.1
Project("{FAE04EC0-301F-11D3-BF4B-00C04F79EFBC}") = "SolucaoListaDeNomes", "SolucaoListaDeNomes\SolucaoListaDeNomes.csproj", "{506F42A3-69FD-4B0D-A906-F74F16085CC0}"
EndProject
Global
	GlobalSection(SolutionConfigurationPlatforms) = preSolution
		Debug|Any CPU = Debug|Any CPU
		Release|Any CPU = Release|Any CPU
	EndGlobalSection
	GlobalSection(ProjectConfigurationPlatforms) = postSolution
		{506F42A3-69FD-4B0D-A906-F74F16085CC0}.Debug|Any CPU.ActiveCfg = Debug|Any CPU
		{506F42A3-69FD-4B0D-A906-F74F16085CC0}.Debug|Any CPU.Build.0 = Debug|Any CPU
		{506F42A3-69FD-4B0D-A906-F74F16085CC0}.Release|Any CPU.ActiveCfg = Release|Any CPU
		{506F42A3-69FD-4B0D-A906-F74F16085CC0}.Release|Any CPU.Build.0 = Release|Any CPU
	EndGlobalSection
	GlobalSection(SolutionProperties) = preSolution
		HideSolutionNode = FALSE
	EndGlobalSection
	GlobalSection(ExtensibilityGlobals) = postSolution
		SolutionGuid = {4CFB3F4B-911C-4345-A815-201E8FF9E9A4}
	EndGlobalSection
EndGlobal
