
Microsoft Visual Studio Solution File, Format Version 12.00
# Visual Studio Version 16
VisualStudioVersion = 16.0.29215.179
MinimumVisualStudioVersion = 10.0.40219.1
Project("{FAE04EC0-301F-11D3-BF4B-00C04F79EFBC}") = "utilizandoWhile", "utilizandoWhile\utilizandoWhile.csproj", "{8C574EF6-4049-4E1A-84C7-91EBB5AAB22E}"
EndProject
Project("{FAE04EC0-301F-11D3-BF4B-00C04F79EFBC}") = "UtilizandoFor", "UtilizandoFor\UtilizandoFor.csproj", "{EBF87A5E-AEA0-4897-9A39-D4F242C646E1}"
EndProject
Project("{FAE04EC0-301F-11D3-BF4B-00C04F79EFBC}") = "exercicioForWhile", "exercicioForWhile\exercicioForWhile.csproj", "{73EDBEAC-A664-4F4C-B90F-6A9FEEF5036C}"
EndProject
Project("{FAE04EC0-301F-11D3-BF4B-00C04F79EFBC}") = "exercicioWhile", "exercicioWhile\exercicioWhile.csproj", "{F4F5CC6A-2622-4929-B402-8B5686358D9D}"
EndProject
Project("{FAE04EC0-301F-11D3-BF4B-00C04F79EFBC}") = "exerciciosForWhileFelipe", "exerciciosForWhileFelipe\exerciciosForWhileFelipe.csproj", "{1D54D9E6-419A-49D1-BC6A-ACEC750F956F}"
EndProject
Project("{FAE04EC0-301F-11D3-BF4B-00C04F79EFBC}") = "exerciciosWhileFelipe", "exerciciosWhileFelipe\exerciciosWhileFelipe.csproj", "{B9364592-47BF-428B-88A1-A8EF67056D76}"
EndProject
Project("{FAE04EC0-301F-11D3-BF4B-00C04F79EFBC}") = "exerciciosForFelipe2", "exerciciosForFelipe2\exerciciosForFelipe2.csproj", "{BBDE93C9-B11D-4C3F-9DA7-EB385532FA50}"
EndProject
Global
	GlobalSection(SolutionConfigurationPlatforms) = preSolution
		Debug|Any CPU = Debug|Any CPU
		Release|Any CPU = Release|Any CPU
	EndGlobalSection
	GlobalSection(ProjectConfigurationPlatforms) = postSolution
		{8C574EF6-4049-4E1A-84C7-91EBB5AAB22E}.Debug|Any CPU.ActiveCfg = Debug|Any CPU
		{8C574EF6-4049-4E1A-84C7-91EBB5AAB22E}.Debug|Any CPU.Build.0 = Debug|Any CPU
		{8C574EF6-4049-4E1A-84C7-91EBB5AAB22E}.Release|Any CPU.ActiveCfg = Release|Any CPU
		{8C574EF6-4049-4E1A-84C7-91EBB5AAB22E}.Release|Any CPU.Build.0 = Release|Any CPU
		{EBF87A5E-AEA0-4897-9A39-D4F242C646E1}.Debug|Any CPU.ActiveCfg = Debug|Any CPU
		{EBF87A5E-AEA0-4897-9A39-D4F242C646E1}.Debug|Any CPU.Build.0 = Debug|Any CPU
		{EBF87A5E-AEA0-4897-9A39-D4F242C646E1}.Release|Any CPU.ActiveCfg = Release|Any CPU
		{EBF87A5E-AEA0-4897-9A39-D4F242C646E1}.Release|Any CPU.Build.0 = Release|Any CPU
		{73EDBEAC-A664-4F4C-B90F-6A9FEEF5036C}.Debug|Any CPU.ActiveCfg = Debug|Any CPU
		{73EDBEAC-A664-4F4C-B90F-6A9FEEF5036C}.Debug|Any CPU.Build.0 = Debug|Any CPU
		{73EDBEAC-A664-4F4C-B90F-6A9FEEF5036C}.Release|Any CPU.ActiveCfg = Release|Any CPU
		{73EDBEAC-A664-4F4C-B90F-6A9FEEF5036C}.Release|Any CPU.Build.0 = Release|Any CPU
		{F4F5CC6A-2622-4929-B402-8B5686358D9D}.Debug|Any CPU.ActiveCfg = Debug|Any CPU
		{F4F5CC6A-2622-4929-B402-8B5686358D9D}.Debug|Any CPU.Build.0 = Debug|Any CPU
		{F4F5CC6A-2622-4929-B402-8B5686358D9D}.Release|Any CPU.ActiveCfg = Release|Any CPU
		{F4F5CC6A-2622-4929-B402-8B5686358D9D}.Release|Any CPU.Build.0 = Release|Any CPU
		{1D54D9E6-419A-49D1-BC6A-ACEC750F956F}.Debug|Any CPU.ActiveCfg = Debug|Any CPU
		{1D54D9E6-419A-49D1-BC6A-ACEC750F956F}.Debug|Any CPU.Build.0 = Debug|Any CPU
		{1D54D9E6-419A-49D1-BC6A-ACEC750F956F}.Release|Any CPU.ActiveCfg = Release|Any CPU
		{1D54D9E6-419A-49D1-BC6A-ACEC750F956F}.Release|Any CPU.Build.0 = Release|Any CPU
		{B9364592-47BF-428B-88A1-A8EF67056D76}.Debug|Any CPU.ActiveCfg = Debug|Any CPU
		{B9364592-47BF-428B-88A1-A8EF67056D76}.Debug|Any CPU.Build.0 = Debug|Any CPU
		{B9364592-47BF-428B-88A1-A8EF67056D76}.Release|Any CPU.ActiveCfg = Release|Any CPU
		{B9364592-47BF-428B-88A1-A8EF67056D76}.Release|Any CPU.Build.0 = Release|Any CPU
		{BBDE93C9-B11D-4C3F-9DA7-EB385532FA50}.Debug|Any CPU.ActiveCfg = Debug|Any CPU
		{BBDE93C9-B11D-4C3F-9DA7-EB385532FA50}.Debug|Any CPU.Build.0 = Debug|Any CPU
		{BBDE93C9-B11D-4C3F-9DA7-EB385532FA50}.Release|Any CPU.ActiveCfg = Release|Any CPU
		{BBDE93C9-B11D-4C3F-9DA7-EB385532FA50}.Release|Any CPU.Build.0 = Release|Any CPU
	EndGlobalSection
	GlobalSection(SolutionProperties) = preSolution
		HideSolutionNode = FALSE
	EndGlobalSection
	GlobalSection(ExtensibilityGlobals) = postSolution
		SolutionGuid = {0A6EC357-AE43-40B3-A119-612C8F438A71}
	EndGlobalSection
EndGlobal
