
Microsoft Visual Studio Solution File, Format Version 12.00
# Visual Studio Version 16
VisualStudioVersion = 16.0.29424.173
MinimumVisualStudioVersion = 10.0.40219.1
Project("{FAE04EC0-301F-11D3-BF4B-00C04F79EFBC}") = "RegistroDeImoveis", "RegistroDeImoveis\RegistroDeImoveis.csproj", "{8D45CA08-8C65-4676-8B9C-4142D6DD61A9}"
EndProject
Global
	GlobalSection(SolutionConfigurationPlatforms) = preSolution
		Debug|Any CPU = Debug|Any CPU
		Release|Any CPU = Release|Any CPU
	EndGlobalSection
	GlobalSection(ProjectConfigurationPlatforms) = postSolution
		{8D45CA08-8C65-4676-8B9C-4142D6DD61A9}.Debug|Any CPU.ActiveCfg = Debug|Any CPU
		{8D45CA08-8C65-4676-8B9C-4142D6DD61A9}.Debug|Any CPU.Build.0 = Debug|Any CPU
		{8D45CA08-8C65-4676-8B9C-4142D6DD61A9}.Release|Any CPU.ActiveCfg = Release|Any CPU
		{8D45CA08-8C65-4676-8B9C-4142D6DD61A9}.Release|Any CPU.Build.0 = Release|Any CPU
	EndGlobalSection
	GlobalSection(SolutionProperties) = preSolution
		HideSolutionNode = FALSE
	EndGlobalSection
	GlobalSection(ExtensibilityGlobals) = postSolution
		SolutionGuid = {145B2C68-8DCF-44CC-8D90-9D16112CC4DE}
	EndGlobalSection
EndGlobal
