
Microsoft Visual Studio Solution File, Format Version 12.00
# Visual Studio Version 16
VisualStudioVersion = 16.0.29424.173
MinimumVisualStudioVersion = 10.0.40219.1
Project("{FAE04EC0-301F-11D3-BF4B-00C04F79EFBC}") = "WebApiNetCore", "WebApiNetCore\WebApiNetCore.csproj", "{3A4D79EA-32D6-4816-98EB-1FD645847F50}"
EndProject
Global
	GlobalSection(SolutionConfigurationPlatforms) = preSolution
		Debug|Any CPU = Debug|Any CPU
		Release|Any CPU = Release|Any CPU
	EndGlobalSection
	GlobalSection(ProjectConfigurationPlatforms) = postSolution
		{3A4D79EA-32D6-4816-98EB-1FD645847F50}.Debug|Any CPU.ActiveCfg = Debug|Any CPU
		{3A4D79EA-32D6-4816-98EB-1FD645847F50}.Debug|Any CPU.Build.0 = Debug|Any CPU
		{3A4D79EA-32D6-4816-98EB-1FD645847F50}.Release|Any CPU.ActiveCfg = Release|Any CPU
		{3A4D79EA-32D6-4816-98EB-1FD645847F50}.Release|Any CPU.Build.0 = Release|Any CPU
	EndGlobalSection
	GlobalSection(SolutionProperties) = preSolution
		HideSolutionNode = FALSE
	EndGlobalSection
	GlobalSection(ExtensibilityGlobals) = postSolution
		SolutionGuid = {34A776BB-19A4-4B37-A57A-5460532FD482}
	EndGlobalSection
EndGlobal
